
Microsoft Visual Studio Solution File, Format Version 12.00
Project("{FAE04EC0-301F-11D3-BF4B-00C04F79EFBC}") = "PixChat.Core", "PixChat.Core\PixChat.Core.csproj", "{77C29EC3-77BB-4C33-9653-AE9D1D234CC3}"
EndProject
Project("{FAE04EC0-301F-11D3-BF4B-00C04F79EFBC}") = "PixChat.Application", "PixChat.Application\PixChat.Application.csproj", "{DCE8ECCB-C66F-4342-8557-9752041B1573}"
EndProject
Project("{FAE04EC0-301F-11D3-BF4B-00C04F79EFBC}") = "PixChat.Infrastructure", "PixChat.Infrastructure\PixChat.Infrastructure.csproj", "{1AFB041E-4D5F-493C-B23E-7FB9B71BD0D1}"
EndProject
Project("{FAE04EC0-301F-11D3-BF4B-00C04F79EFBC}") = "PixChat.API", "PixChat.API\PixChat.API.csproj", "{77AFFF2D-02E2-43A8-82F3-A8C2660B05BB}"
EndProject
Project("{2150E333-8FDC-42A3-9474-1A3956D46DE8}") = "Proxy", "Proxy", "{FFE06700-396A-439C-A42E-FB1F6684205F}"
EndProject
Project("{2150E333-8FDC-42A3-9474-1A3956D46DE8}") = "assets", "assets", "{775A40C2-80A6-4029-8950-D8D245803C95}"
EndProject
Project("{2150E333-8FDC-42A3-9474-1A3956D46DE8}") = "gateway", "gateway", "{589928CF-66A7-4176-AFD0-4FE79F01E75D}"
EndProject
Project("{2150E333-8FDC-42A3-9474-1A3956D46DE8}") = "images", "images", "{CBCA2B09-ADFD-449B-B5B5-FD03137B2901}"
EndProject
Project("{2150E333-8FDC-42A3-9474-1A3956D46DE8}") = "nginx", "nginx", "{7EEB8E08-7B89-4D60-8465-6A3BC94107E6}"
EndProject
Project("{2150E333-8FDC-42A3-9474-1A3956D46DE8}") = "conf.d", "conf.d", "{0396C4FA-B37A-4F3C-9378-BD6117F044FC}"
	ProjectSection(SolutionItems) = preProject
		Proxy\gateway\nginx\conf.d\default.conf = Proxy\gateway\nginx\conf.d\default.conf
	EndProjectSection
EndProject
Project("{2150E333-8FDC-42A3-9474-1A3956D46DE8}") = "PixChat.UI", "PixChat.UI", "{A20C145F-9043-4376-B447-A2A9927C300C}"
EndProject
Global
	GlobalSection(SolutionConfigurationPlatforms) = preSolution
		Debug|Any CPU = Debug|Any CPU
		Release|Any CPU = Release|Any CPU
	EndGlobalSection
	GlobalSection(ProjectConfigurationPlatforms) = postSolution
		{77C29EC3-77BB-4C33-9653-AE9D1D234CC3}.Debug|Any CPU.ActiveCfg = Debug|Any CPU
		{77C29EC3-77BB-4C33-9653-AE9D1D234CC3}.Debug|Any CPU.Build.0 = Debug|Any CPU
		{77C29EC3-77BB-4C33-9653-AE9D1D234CC3}.Release|Any CPU.ActiveCfg = Release|Any CPU
		{77C29EC3-77BB-4C33-9653-AE9D1D234CC3}.Release|Any CPU.Build.0 = Release|Any CPU
		{DCE8ECCB-C66F-4342-8557-9752041B1573}.Debug|Any CPU.ActiveCfg = Debug|Any CPU
		{DCE8ECCB-C66F-4342-8557-9752041B1573}.Debug|Any CPU.Build.0 = Debug|Any CPU
		{DCE8ECCB-C66F-4342-8557-9752041B1573}.Release|Any CPU.ActiveCfg = Release|Any CPU
		{DCE8ECCB-C66F-4342-8557-9752041B1573}.Release|Any CPU.Build.0 = Release|Any CPU
		{1AFB041E-4D5F-493C-B23E-7FB9B71BD0D1}.Debug|Any CPU.ActiveCfg = Debug|Any CPU
		{1AFB041E-4D5F-493C-B23E-7FB9B71BD0D1}.Debug|Any CPU.Build.0 = Debug|Any CPU
		{1AFB041E-4D5F-493C-B23E-7FB9B71BD0D1}.Release|Any CPU.ActiveCfg = Release|Any CPU
		{1AFB041E-4D5F-493C-B23E-7FB9B71BD0D1}.Release|Any CPU.Build.0 = Release|Any CPU
		{77AFFF2D-02E2-43A8-82F3-A8C2660B05BB}.Debug|Any CPU.ActiveCfg = Debug|Any CPU
		{77AFFF2D-02E2-43A8-82F3-A8C2660B05BB}.Debug|Any CPU.Build.0 = Debug|Any CPU
		{77AFFF2D-02E2-43A8-82F3-A8C2660B05BB}.Release|Any CPU.ActiveCfg = Release|Any CPU
		{77AFFF2D-02E2-43A8-82F3-A8C2660B05BB}.Release|Any CPU.Build.0 = Release|Any CPU
	EndGlobalSection
	GlobalSection(NestedProjects) = preSolution
		{775A40C2-80A6-4029-8950-D8D245803C95} = {FFE06700-396A-439C-A42E-FB1F6684205F}
		{589928CF-66A7-4176-AFD0-4FE79F01E75D} = {FFE06700-396A-439C-A42E-FB1F6684205F}
		{CBCA2B09-ADFD-449B-B5B5-FD03137B2901} = {775A40C2-80A6-4029-8950-D8D245803C95}
		{7EEB8E08-7B89-4D60-8465-6A3BC94107E6} = {589928CF-66A7-4176-AFD0-4FE79F01E75D}
		{0396C4FA-B37A-4F3C-9378-BD6117F044FC} = {7EEB8E08-7B89-4D60-8465-6A3BC94107E6}
	EndGlobalSection
EndGlobal
